// !$*UTF8*$!
{
	archiveVersion = 1;
	classes = {
	};
	objectVersion = 50;
	objects = {

/* Begin PBXBuildFile section */
		E93B3E6B26B99DBC008F3500 /* AppDelegate.swift in Sources */ = {isa = PBXBuildFile; fileRef = E93B3E6A26B99DBC008F3500 /* AppDelegate.swift */; };
		E93B3E6D26B99DBC008F3500 /* SceneDelegate.swift in Sources */ = {isa = PBXBuildFile; fileRef = E93B3E6C26B99DBC008F3500 /* SceneDelegate.swift */; };
		E93B3E6F26B99DBC008F3500 /* ViewController.swift in Sources */ = {isa = PBXBuildFile; fileRef = E93B3E6E26B99DBC008F3500 /* ViewController.swift */; };
		E93B3E7226B99DBC008F3500 /* Main.storyboard in Resources */ = {isa = PBXBuildFile; fileRef = E93B3E7026B99DBC008F3500 /* Main.storyboard */; };
		E93B3E7426B99DBE008F3500 /* Assets.xcassets in Resources */ = {isa = PBXBuildFile; fileRef = E93B3E7326B99DBE008F3500 /* Assets.xcassets */; };
		E93B3E7726B99DBE008F3500 /* LaunchScreen.storyboard in Resources */ = {isa = PBXBuildFile; fileRef = E93B3E7526B99DBE008F3500 /* LaunchScreen.storyboard */; };
		E93B3E8626B99EE4008F3500 /* Pokemon.swift in Sources */ = {isa = PBXBuildFile; fileRef = E93B3E8526B99EE4008F3500 /* Pokemon.swift */; };
		E93B3E8926B9A4B8008F3500 /* PokemonController.swift in Sources */ = {isa = PBXBuildFile; fileRef = E93B3E8826B9A4B8008F3500 /* PokemonController.swift */; };
		E93B3E8C26B9A65F008F3500 /* PokeError.swift in Sources */ = {isa = PBXBuildFile; fileRef = E93B3E8B26B9A65F008F3500 /* PokeError.swift */; };
		E9D0DF4E26B9BA6900271265 /* PokeViewController.swift in Sources */ = {isa = PBXBuildFile; fileRef = E9D0DF4D26B9BA6800271265 /* PokeViewController.swift */; };
		E9D0DF5026B9C01300271265 /* ExtUIViewController.swift in Sources */ = {isa = PBXBuildFile; fileRef = E9D0DF4F26B9C01300271265 /* ExtUIViewController.swift */; };
/* End PBXBuildFile section */

/* Begin PBXFileReference section */
		E93B3E6726B99DBC008F3500 /* PokemonDM.app */ = {isa = PBXFileReference; explicitFileType = wrapper.application; includeInIndex = 0; path = PokemonDM.app; sourceTree = BUILT_PRODUCTS_DIR; };
		E93B3E6A26B99DBC008F3500 /* AppDelegate.swift */ = {isa = PBXFileReference; lastKnownFileType = sourcecode.swift; path = AppDelegate.swift; sourceTree = "<group>"; };
		E93B3E6C26B99DBC008F3500 /* SceneDelegate.swift */ = {isa = PBXFileReference; lastKnownFileType = sourcecode.swift; path = SceneDelegate.swift; sourceTree = "<group>"; };
		E93B3E6E26B99DBC008F3500 /* ViewController.swift */ = {isa = PBXFileReference; lastKnownFileType = sourcecode.swift; path = ViewController.swift; sourceTree = "<group>"; };
		E93B3E7126B99DBC008F3500 /* Base */ = {isa = PBXFileReference; lastKnownFileType = file.storyboard; name = Base; path = Base.lproj/Main.storyboard; sourceTree = "<group>"; };
		E93B3E7326B99DBE008F3500 /* Assets.xcassets */ = {isa = PBXFileReference; lastKnownFileType = folder.assetcatalog; path = Assets.xcassets; sourceTree = "<group>"; };
		E93B3E7626B99DBE008F3500 /* Base */ = {isa = PBXFileReference; lastKnownFileType = file.storyboard; name = Base; path = Base.lproj/LaunchScreen.storyboard; sourceTree = "<group>"; };
		E93B3E7826B99DBE008F3500 /* Info.plist */ = {isa = PBXFileReference; lastKnownFileType = text.plist.xml; path = Info.plist; sourceTree = "<group>"; };
		E93B3E8526B99EE4008F3500 /* Pokemon.swift */ = {isa = PBXFileReference; lastKnownFileType = sourcecode.swift; path = Pokemon.swift; sourceTree = "<group>"; };
		E93B3E8826B9A4B8008F3500 /* PokemonController.swift */ = {isa = PBXFileReference; lastKnownFileType = sourcecode.swift; path = PokemonController.swift; sourceTree = "<group>"; };
		E93B3E8B26B9A65F008F3500 /* PokeError.swift */ = {isa = PBXFileReference; lastKnownFileType = sourcecode.swift; path = PokeError.swift; sourceTree = "<group>"; };
		E9D0DF4D26B9BA6800271265 /* PokeViewController.swift */ = {isa = PBXFileReference; lastKnownFileType = sourcecode.swift; path = PokeViewController.swift; sourceTree = "<group>"; };
		E9D0DF4F26B9C01300271265 /* ExtUIViewController.swift */ = {isa = PBXFileReference; lastKnownFileType = sourcecode.swift; path = ExtUIViewController.swift; sourceTree = "<group>"; };
/* End PBXFileReference section */

/* Begin PBXFrameworksBuildPhase section */
		E93B3E6426B99DBC008F3500 /* Frameworks */ = {
			isa = PBXFrameworksBuildPhase;
			buildActionMask = 2147483647;
			files = (
			);
			runOnlyForDeploymentPostprocessing = 0;
		};
/* End PBXFrameworksBuildPhase section */

/* Begin PBXGroup section */
		E93B3E5E26B99DBC008F3500 = {
			isa = PBXGroup;
			children = (
				E93B3E6926B99DBC008F3500 /* PokemonDM */,
				E93B3E6826B99DBC008F3500 /* Products */,
			);
			sourceTree = "<group>";
		};
		E93B3E6826B99DBC008F3500 /* Products */ = {
			isa = PBXGroup;
			children = (
				E93B3E6726B99DBC008F3500 /* PokemonDM.app */,
			);
			name = Products;
			sourceTree = "<group>";
		};
		E93B3E6926B99DBC008F3500 /* PokemonDM */ = {
			isa = PBXGroup;
			children = (
				E93B3E8326B99E59008F3500 /* Model */,
				E93B3E8126B99E10008F3500 /* Views */,
				E93B3E7F26B99DF4008F3500 /* Controllers */,
				E93B3E7E26B99DEB008F3500 /* Resources */,
				E93B3E8A26B9A640008F3500 /* Helpers+Extensions */,
			);
			path = PokemonDM;
			sourceTree = "<group>";
		};
		E93B3E7E26B99DEB008F3500 /* Resources */ = {
			isa = PBXGroup;
			children = (
				E93B3E6A26B99DBC008F3500 /* AppDelegate.swift */,
				E93B3E6C26B99DBC008F3500 /* SceneDelegate.swift */,
				E93B3E7326B99DBE008F3500 /* Assets.xcassets */,
				E93B3E7826B99DBE008F3500 /* Info.plist */,
			);
			path = Resources;
			sourceTree = "<group>";
		};
		E93B3E7F26B99DF4008F3500 /* Controllers */ = {
			isa = PBXGroup;
			children = (
				E93B3E8726B9A4A5008F3500 /* ModelController */,
				E93B3E8026B99E00008F3500 /* ViewControllers */,
			);
			path = Controllers;
			sourceTree = "<group>";
		};
		E93B3E8026B99E00008F3500 /* ViewControllers */ = {
			isa = PBXGroup;
			children = (
				E93B3E6E26B99DBC008F3500 /* ViewController.swift */,
				E9D0DF4D26B9BA6800271265 /* PokeViewController.swift */,
			);
			path = ViewControllers;
			sourceTree = "<group>";
		};
		E93B3E8126B99E10008F3500 /* Views */ = {
			isa = PBXGroup;
			children = (
				E93B3E8226B99E17008F3500 /* Storyboard */,
			);
			path = Views;
			sourceTree = "<group>";
		};
		E93B3E8226B99E17008F3500 /* Storyboard */ = {
			isa = PBXGroup;
			children = (
				E93B3E7026B99DBC008F3500 /* Main.storyboard */,
				E93B3E7526B99DBE008F3500 /* LaunchScreen.storyboard */,
			);
			path = Storyboard;
			sourceTree = "<group>";
		};
		E93B3E8326B99E59008F3500 /* Model */ = {
			isa = PBXGroup;
			children = (
				E93B3E8526B99EE4008F3500 /* Pokemon.swift */,
			);
			path = Model;
			sourceTree = "<group>";
		};
		E93B3E8726B9A4A5008F3500 /* ModelController */ = {
			isa = PBXGroup;
			children = (
				E93B3E8826B9A4B8008F3500 /* PokemonController.swift */,
			);
			path = ModelController;
			sourceTree = "<group>";
		};
		E93B3E8A26B9A640008F3500 /* Helpers+Extensions */ = {
			isa = PBXGroup;
			children = (
				E93B3E8B26B9A65F008F3500 /* PokeError.swift */,
				E9D0DF4F26B9C01300271265 /* ExtUIViewController.swift */,
			);
			path = "Helpers+Extensions";
			sourceTree = "<group>";
		};
/* End PBXGroup section */

/* Begin PBXNativeTarget section */
		E93B3E6626B99DBC008F3500 /* PokemonDM */ = {
			isa = PBXNativeTarget;
			buildConfigurationList = E93B3E7B26B99DBE008F3500 /* Build configuration list for PBXNativeTarget "PokemonDM" */;
			buildPhases = (
				E93B3E6326B99DBC008F3500 /* Sources */,
				E93B3E6426B99DBC008F3500 /* Frameworks */,
				E93B3E6526B99DBC008F3500 /* Resources */,
			);
			buildRules = (
			);
			dependencies = (
			);
			name = PokemonDM;
			productName = PokemonDM;
			productReference = E93B3E6726B99DBC008F3500 /* PokemonDM.app */;
			productType = "com.apple.product-type.application";
		};
/* End PBXNativeTarget section */

/* Begin PBXProject section */
		E93B3E5F26B99DBC008F3500 /* Project object */ = {
			isa = PBXProject;
			attributes = {
				LastSwiftUpdateCheck = 1250;
				LastUpgradeCheck = 1250;
				TargetAttributes = {
					E93B3E6626B99DBC008F3500 = {
						CreatedOnToolsVersion = 12.5.1;
					};
				};
			};
			buildConfigurationList = E93B3E6226B99DBC008F3500 /* Build configuration list for PBXProject "PokemonDM" */;
			compatibilityVersion = "Xcode 9.3";
			developmentRegion = en;
			hasScannedForEncodings = 0;
			knownRegions = (
				en,
				Base,
			);
			mainGroup = E93B3E5E26B99DBC008F3500;
			productRefGroup = E93B3E6826B99DBC008F3500 /* Products */;
			projectDirPath = "";
			projectRoot = "";
			targets = (
				E93B3E6626B99DBC008F3500 /* PokemonDM */,
			);
		};
/* End PBXProject section */

/* Begin PBXResourcesBuildPhase section */
		E93B3E6526B99DBC008F3500 /* Resources */ = {
			isa = PBXResourcesBuildPhase;
			buildActionMask = 2147483647;
			files = (
				E93B3E7726B99DBE008F3500 /* LaunchScreen.storyboard in Resources */,
				E93B3E7426B99DBE008F3500 /* Assets.xcassets in Resources */,
				E93B3E7226B99DBC008F3500 /* Main.storyboard in Resources */,
			);
			runOnlyForDeploymentPostprocessing = 0;
		};
/* End PBXResourcesBuildPhase section */

/* Begin PBXSourcesBuildPhase section */
		E93B3E6326B99DBC008F3500 /* Sources */ = {
			isa = PBXSourcesBuildPhase;
			buildActionMask = 2147483647;
			files = (
				E93B3E6F26B99DBC008F3500 /* ViewController.swift in Sources */,
				E93B3E8C26B9A65F008F3500 /* PokeError.swift in Sources */,
				E9D0DF5026B9C01300271265 /* ExtUIViewController.swift in Sources */,
				E93B3E8626B99EE4008F3500 /* Pokemon.swift in Sources */,
				E93B3E6B26B99DBC008F3500 /* AppDelegate.swift in Sources */,
				E93B3E6D26B99DBC008F3500 /* SceneDelegate.swift in Sources */,
				E9D0DF4E26B9BA6900271265 /* PokeViewController.swift in Sources */,
				E93B3E8926B9A4B8008F3500 /* PokemonController.swift in Sources */,
			);
			runOnlyForDeploymentPostprocessing = 0;
		};
/* End PBXSourcesBuildPhase section */

/* Begin PBXVariantGroup section */
		E93B3E7026B99DBC008F3500 /* Main.storyboard */ = {
			isa = PBXVariantGroup;
			children = (
				E93B3E7126B99DBC008F3500 /* Base */,
			);
			name = Main.storyboard;
			sourceTree = "<group>";
		};
		E93B3E7526B99DBE008F3500 /* LaunchScreen.storyboard */ = {
			isa = PBXVariantGroup;
			children = (
				E93B3E7626B99DBE008F3500 /* Base */,
			);
			name = LaunchScreen.storyboard;
			sourceTree = "<group>";
		};
/* End PBXVariantGroup section */

/* Begin XCBuildConfiguration section */
		E93B3E7926B99DBE008F3500 /* Debug */ = {
			isa = XCBuildConfiguration;
			buildSettings = {
				ALWAYS_SEARCH_USER_PATHS = NO;
				CLANG_ANALYZER_NONNULL = YES;
				CLANG_ANALYZER_NUMBER_OBJECT_CONVERSION = YES_AGGRESSIVE;
				CLANG_CXX_LANGUAGE_STANDARD = "gnu++14";
				CLANG_CXX_LIBRARY = "libc++";
				CLANG_ENABLE_MODULES = YES;
				CLANG_ENABLE_OBJC_ARC = YES;
				CLANG_ENABLE_OBJC_WEAK = YES;
				CLANG_WARN_BLOCK_CAPTURE_AUTORELEASING = YES;
				CLANG_WARN_BOOL_CONVERSION = YES;
				CLANG_WARN_COMMA = YES;
				CLANG_WARN_CONSTANT_CONVERSION = YES;
				CLANG_WARN_DEPRECATED_OBJC_IMPLEMENTATIONS = YES;
				CLANG_WARN_DIRECT_OBJC_ISA_USAGE = YES_ERROR;
				CLANG_WARN_DOCUMENTATION_COMMENTS = YES;
				CLANG_WARN_EMPTY_BODY = YES;
				CLANG_WARN_ENUM_CONVERSION = YES;
				CLANG_WARN_INFINITE_RECURSION = YES;
				CLANG_WARN_INT_CONVERSION = YES;
				CLANG_WARN_NON_LITERAL_NULL_CONVERSION = YES;
				CLANG_WARN_OBJC_IMPLICIT_RETAIN_SELF = YES;
				CLANG_WARN_OBJC_LITERAL_CONVERSION = YES;
				CLANG_WARN_OBJC_ROOT_CLASS = YES_ERROR;
				CLANG_WARN_QUOTED_INCLUDE_IN_FRAMEWORK_HEADER = YES;
				CLANG_WARN_RANGE_LOOP_ANALYSIS = YES;
				CLANG_WARN_STRICT_PROTOTYPES = YES;
				CLANG_WARN_SUSPICIOUS_MOVE = YES;
				CLANG_WARN_UNGUARDED_AVAILABILITY = YES_AGGRESSIVE;
				CLANG_WARN_UNREACHABLE_CODE = YES;
				CLANG_WARN__DUPLICATE_METHOD_MATCH = YES;
				COPY_PHASE_STRIP = NO;
				DEBUG_INFORMATION_FORMAT = dwarf;
				ENABLE_STRICT_OBJC_MSGSEND = YES;
				ENABLE_TESTABILITY = YES;
				GCC_C_LANGUAGE_STANDARD = gnu11;
				GCC_DYNAMIC_NO_PIC = NO;
				GCC_NO_COMMON_BLOCKS = YES;
				GCC_OPTIMIZATION_LEVEL = 0;
				GCC_PREPROCESSOR_DEFINITIONS = (
					"DEBUG=1",
					"$(inherited)",
				);
				GCC_WARN_64_TO_32_BIT_CONVERSION = YES;
				GCC_WARN_ABOUT_RETURN_TYPE = YES_ERROR;
				GCC_WARN_UNDECLARED_SELECTOR = YES;
				GCC_WARN_UNINITIALIZED_AUTOS = YES_AGGRESSIVE;
				GCC_WARN_UNUSED_FUNCTION = YES;
				GCC_WARN_UNUSED_VARIABLE = YES;
				IPHONEOS_DEPLOYMENT_TARGET = 14.5;
				MTL_ENABLE_DEBUG_INFO = INCLUDE_SOURCE;
				MTL_FAST_MATH = YES;
				ONLY_ACTIVE_ARCH = YES;
				SDKROOT = iphoneos;
				SWIFT_ACTIVE_COMPILATION_CONDITIONS = DEBUG;
				SWIFT_OPTIMIZATION_LEVEL = "-Onone";
			};
			name = Debug;
		};
		E93B3E7A26B99DBE008F3500 /* Release */ = {
			isa = XCBuildConfiguration;
			buildSettings = {
				ALWAYS_SEARCH_USER_PATHS = NO;
				CLANG_ANALYZER_NONNULL = YES;
				CLANG_ANALYZER_NUMBER_OBJECT_CONVERSION = YES_AGGRESSIVE;
				CLANG_CXX_LANGUAGE_STANDARD = "gnu++14";
				CLANG_CXX_LIBRARY = "libc++";
				CLANG_ENABLE_MODULES = YES;
				CLANG_ENABLE_OBJC_ARC = YES;
				CLANG_ENABLE_OBJC_WEAK = YES;
				CLANG_WARN_BLOCK_CAPTURE_AUTORELEASING = YES;
				CLANG_WARN_BOOL_CONVERSION = YES;
				CLANG_WARN_COMMA = YES;
				CLANG_WARN_CONSTANT_CONVERSION = YES;
				CLANG_WARN_DEPRECATED_OBJC_IMPLEMENTATIONS = YES;
				CLANG_WARN_DIRECT_OBJC_ISA_USAGE = YES_ERROR;
				CLANG_WARN_DOCUMENTATION_COMMENTS = YES;
				CLANG_WARN_EMPTY_BODY = YES;
				CLANG_WARN_ENUM_CONVERSION = YES;
				CLANG_WARN_INFINITE_RECURSION = YES;
				CLANG_WARN_INT_CONVERSION = YES;
				CLANG_WARN_NON_LITERAL_NULL_CONVERSION = YES;
				CLANG_WARN_OBJC_IMPLICIT_RETAIN_SELF = YES;
				CLANG_WARN_OBJC_LITERAL_CONVERSION = YES;
				CLANG_WARN_OBJC_ROOT_CLASS = YES_ERROR;
				CLANG_WARN_QUOTED_INCLUDE_IN_FRAMEWORK_HEADER = YES;
				CLANG_WARN_RANGE_LOOP_ANALYSIS = YES;
				CLANG_WARN_STRICT_PROTOTYPES = YES;
				CLANG_WARN_SUSPICIOUS_MOVE = YES;
				CLANG_WARN_UNGUARDED_AVAILABILITY = YES_AGGRESSIVE;
				CLANG_WARN_UNREACHABLE_CODE = YES;
				CLANG_WARN__DUPLICATE_METHOD_MATCH = YES;
				COPY_PHASE_STRIP = NO;
				DEBUG_INFORMATION_FORMAT = "dwarf-with-dsym";
				ENABLE_NS_ASSERTIONS = NO;
				ENABLE_STRICT_OBJC_MSGSEND = YES;
				GCC_C_LANGUAGE_STANDARD = gnu11;
				GCC_NO_COMMON_BLOCKS = YES;
				GCC_WARN_64_TO_32_BIT_CONVERSION = YES;
				GCC_WARN_ABOUT_RETURN_TYPE = YES_ERROR;
				GCC_WARN_UNDECLARED_SELECTOR = YES;
				GCC_WARN_UNINITIALIZED_AUTOS = YES_AGGRESSIVE;
				GCC_WARN_UNUSED_FUNCTION = YES;
				GCC_WARN_UNUSED_VARIABLE = YES;
				IPHONEOS_DEPLOYMENT_TARGET = 14.5;
				MTL_ENABLE_DEBUG_INFO = NO;
				MTL_FAST_MATH = YES;
				SDKROOT = iphoneos;
				SWIFT_COMPILATION_MODE = wholemodule;
				SWIFT_OPTIMIZATION_LEVEL = "-O";
				VALIDATE_PRODUCT = YES;
			};
			name = Release;
		};
		E93B3E7C26B99DBE008F3500 /* Debug */ = {
			isa = XCBuildConfiguration;
			buildSettings = {
				ASSETCATALOG_COMPILER_APPICON_NAME = AppIcon;
				ASSETCATALOG_COMPILER_GLOBAL_ACCENT_COLOR_NAME = AccentColor;
				CODE_SIGN_STYLE = Automatic;
				DEVELOPMENT_TEAM = PNQLC6535R;
				INFOPLIST_FILE = PokemonDM/Resources/Info.plist;
				LD_RUNPATH_SEARCH_PATHS = (
					"$(inherited)",
					"@executable_path/Frameworks",
				);
				PRODUCT_BUNDLE_IDENTIFIER = com.lijia.PokemonDM;
				PRODUCT_NAME = "$(TARGET_NAME)";
				SWIFT_VERSION = 5.0;
				TARGETED_DEVICE_FAMILY = "1,2";
			};
			name = Debug;
		};
		E93B3E7D26B99DBE008F3500 /* Release */ = {
			isa = XCBuildConfiguration;
			buildSettings = {
				ASSETCATALOG_COMPILER_APPICON_NAME = AppIcon;
				ASSETCATALOG_COMPILER_GLOBAL_ACCENT_COLOR_NAME = AccentColor;
				CODE_SIGN_STYLE = Automatic;
				DEVELOPMENT_TEAM = PNQLC6535R;
				INFOPLIST_FILE = PokemonDM/Resources/Info.plist;
				LD_RUNPATH_SEARCH_PATHS = (
					"$(inherited)",
					"@executable_path/Frameworks",
				);
				PRODUCT_BUNDLE_IDENTIFIER = com.lijia.PokemonDM;
				PRODUCT_NAME = "$(TARGET_NAME)";
				SWIFT_VERSION = 5.0;
				TARGETED_DEVICE_FAMILY = "1,2";
			};
			name = Release;
		};
/* End XCBuildConfiguration section */

/* Begin XCConfigurationList section */
		E93B3E6226B99DBC008F3500 /* Build configuration list for PBXProject "PokemonDM" */ = {
			isa = XCConfigurationList;
			buildConfigurations = (
				E93B3E7926B99DBE008F3500 /* Debug */,
				E93B3E7A26B99DBE008F3500 /* Release */,
			);
			defaultConfigurationIsVisible = 0;
			defaultConfigurationName = Release;
		};
		E93B3E7B26B99DBE008F3500 /* Build configuration list for PBXNativeTarget "PokemonDM" */ = {
			isa = XCConfigurationList;
			buildConfigurations = (
				E93B3E7C26B99DBE008F3500 /* Debug */,
				E93B3E7D26B99DBE008F3500 /* Release */,
			);
			defaultConfigurationIsVisible = 0;
			defaultConfigurationName = Release;
		};
/* End XCConfigurationList section */
	};
	rootObject = E93B3E5F26B99DBC008F3500 /* Project object */;
}
